
Microsoft Visual Studio Solution File, Format Version 12.00
# Visual Studio 15
VisualStudioVersion = 15.0.27004.2002
MinimumVisualStudioVersion = 10.0.40219.1
Project("{FAE04EC0-301F-11D3-BF4B-00C04F79EFBC}") = "ValetService", "ValetService\ValetService.csproj", "{FCD89818-1161-488C-A2A1-85445EFCC55B}"
EndProject
Global
	GlobalSection(SolutionConfigurationPlatforms) = preSolution
		Debug|Any CPU = Debug|Any CPU
		Release|Any CPU = Release|Any CPU
	EndGlobalSection
	GlobalSection(ProjectConfigurationPlatforms) = postSolution
		{FCD89818-1161-488C-A2A1-85445EFCC55B}.Debug|Any CPU.ActiveCfg = Debug|Any CPU
		{FCD89818-1161-488C-A2A1-85445EFCC55B}.Debug|Any CPU.Build.0 = Debug|Any CPU
		{FCD89818-1161-488C-A2A1-85445EFCC55B}.Release|Any CPU.ActiveCfg = Release|Any CPU
		{FCD89818-1161-488C-A2A1-85445EFCC55B}.Release|Any CPU.Build.0 = Release|Any CPU
	EndGlobalSection
	GlobalSection(SolutionProperties) = preSolution
		HideSolutionNode = FALSE
	EndGlobalSection
	GlobalSection(ExtensibilityGlobals) = postSolution
		SolutionGuid = {7ADB69C5-2E65-421E-B6A0-C295FF397618}
	EndGlobalSection
EndGlobal
